{
  "version": "3",
  "packages": {
    "specifiers": {
      "jsr:@kitsonk/kv-toolbox@0.18.0": "jsr:@kitsonk/kv-toolbox@0.18.0",
      "jsr:@kitsonk/kv-toolbox@0.9.0": "jsr:@kitsonk/kv-toolbox@0.9.0",
      "jsr:@std/assert@^0.218.2": "jsr:@std/assert@0.218.2",
      "jsr:@std/assert@^0.224.0": "jsr:@std/assert@0.224.0",
      "jsr:@std/assert@^0.225.1": "jsr:@std/assert@0.225.1",
      "jsr:@std/async@^0.224.0": "jsr:@std/async@0.224.0",
      "jsr:@std/bytes@0.224": "jsr:@std/bytes@0.224.0",
      "jsr:@std/cli@^0.224.0": "jsr:@std/cli@0.224.1",
      "jsr:@std/crypto@0.218": "jsr:@std/crypto@0.218.2",
      "jsr:@std/crypto@0.224": "jsr:@std/crypto@0.224.0",
      "jsr:@std/dotenv@0.218.2": "jsr:@std/dotenv@0.218.2",
      "jsr:@std/encoding@0.224": "jsr:@std/encoding@0.224.0",
      "jsr:@std/encoding@^0.224.0": "jsr:@std/encoding@0.224.0",
      "jsr:@std/fmt@^0.224.0": "jsr:@std/fmt@0.224.0",
      "jsr:@std/http@0.224.0": "jsr:@std/http@0.224.0",
      "jsr:@std/media-types@0.224": "jsr:@std/media-types@0.224.0",
      "jsr:@std/media-types@^0.224.0": "jsr:@std/media-types@0.224.0",
      "jsr:@std/path@^0.224.0": "jsr:@std/path@0.224.0",
      "jsr:@std/streams@^0.224.0": "jsr:@std/streams@0.224.0",
      "npm:@types/node": "npm:@types/node@18.16.19"
    },
    "jsr": {
      "@kitsonk/kv-toolbox@0.18.0": {
        "integrity": "d967643e2b946b46579c230f52aaa74a114d0f45d7ea5b29d0bd67765c570e43",
        "dependencies": [
          "jsr:@std/bytes@0.224",
          "jsr:@std/crypto@0.224",
          "jsr:@std/encoding@0.224",
          "jsr:@std/media-types@0.224"
        ]
      },
      "@kitsonk/kv-toolbox@0.9.0": {
        "integrity": "dd370d61fd0d3edf69237d22650f136e314d0896627d7d3fc865f233e3eed090",
        "dependencies": [
          "jsr:@std/crypto@0.218"
        ]
      },
      "@std/assert@0.218.2": {
        "integrity": "7f0a5a1a8cf86607cd6c2c030584096e1ffad27fc9271429a8cb48cfbdee5eaf"
      },
      "@std/assert@0.224.0": {
        "integrity": "8643233ec7aec38a940a8264a6e3eed9bfa44e7a71cc6b3c8874213ff401967f"
      },
      "@std/assert@0.225.1": {
        "integrity": "7342fa32a6d82c2c7c98ffea566baa9a892d04b22815b9fcf62cedeee5764f9c"
      },
      "@std/async@0.224.0": {
        "integrity": "b6da423eeafbd0003fe88d950e069368c6a156f8b5293b7adbd9c8903a8f8d66"
      },
      "@std/bytes@0.224.0": {
        "integrity": "a2250e1d0eb7d1c5a426f21267ab9bdeac2447fa87a3d0d1a467d3f7a6058e49"
      },
      "@std/cli@0.224.1": {
        "integrity": "f631d47fc9802541399d00a1f77ac62ac709e7465b6bc52547caa358c486b36e",
        "dependencies": [
          "jsr:@std/assert@^0.225.1"
        ]
      },
      "@std/crypto@0.218.2": {
        "integrity": "8c5031a3a1c3ac3bed3c0d4bed2fe7e7faedcb673bbfa0edd10570c8452f5cd2",
        "dependencies": [
          "jsr:@std/assert@^0.218.2"
        ]
      },
      "@std/crypto@0.224.0": {
        "integrity": "154ef3ff08ef535562ef1a718718c5b2c5fc3808f0f9100daad69e829bfcdf2d"
      },
      "@std/dotenv@0.218.2": {
        "integrity": "b1d6749c6ae394355502a001266701b36cf659090dd19abcf3275f3f6a9fd7de"
      },
      "@std/encoding@0.224.0": {
        "integrity": "efb6dca97d3e9c31392bd5c8cfd9f9fc9decf5a1f4d1f78af7900a493bcf89b5"
      },
      "@std/fmt@0.224.0": {
        "integrity": "e20e9a2312a8b5393272c26191c0a68eda8d2c4b08b046bad1673148f1d69851"
      },
      "@std/http@0.224.0": {
        "integrity": "fde48c9133d1d7bb94c134d8f0f01c1a737e6e3879f52580e9ca92217a011e82",
        "dependencies": [
          "jsr:@std/assert@^0.224.0",
          "jsr:@std/async@^0.224.0",
          "jsr:@std/cli@^0.224.0",
          "jsr:@std/encoding@^0.224.0",
          "jsr:@std/fmt@^0.224.0",
          "jsr:@std/media-types@^0.224.0",
          "jsr:@std/path@^0.224.0",
          "jsr:@std/streams@^0.224.0"
        ]
      },
      "@std/media-types@0.224.0": {
        "integrity": "5ac87989393f8cb1c81bee02aef6f5d4c8289b416deabc04f9ad25dff292d0b0"
      },
      "@std/path@0.224.0": {
        "integrity": "55bca6361e5a6d158b9380e82d4981d82d338ec587de02951e2b7c3a24910ee6"
      },
      "@std/streams@0.224.0": {
        "integrity": "9c21feb45113abfc67dd536029624d1792d56dfbb029b8c1baf4ad5a2c35769e"
      }
    },
    "npm": {
      "@types/node@18.16.19": {
        "integrity": "sha512-IXl7o+R9iti9eBW4Wg2hx1xQDig183jj7YLn8F7udNceyfkbn1ZxmzZXuak20gR40D7pIkIY1kYGx5VIGbaHKA==",
        "dependencies": {}
      }
    }
  },
  "remote": {
    "https://cdn.skypack.dev/-/debug@v4.3.4-o4liVvMlOnQWbLSYZMXw/dist=es2019,mode=imports/optimized/debug.js": "671100993996e39b501301a87000607916d4d2d9f8fc8e9c5200ae5ba64a1389",
    "https://cdn.skypack.dev/-/ms@v2.1.2-giBDZ1IA5lmQ3ZXaa87V/dist=es2019,mode=imports/optimized/ms.js": "fd88e2d51900437011f1ad232f3393ce97db1b87a7844b3c58dd6d65562c1276",
    "https://cdn.skypack.dev/debug@4.3.4": "7b1d010cc930f71b940ba5941da055bc181115229e29de7214bdb4425c68ea76",
    "https://deno.land/std@0.211.0/path/_common/assert_path.ts": "2ca275f36ac1788b2acb60fb2b79cb06027198bc2ba6fb7e163efaedde98c297",
    "https://deno.land/std@0.211.0/path/_common/basename.ts": "569744855bc8445f3a56087fd2aed56bdad39da971a8d92b138c9913aecc5fa2",
    "https://deno.land/std@0.211.0/path/_common/constants.ts": "dc5f8057159f4b48cd304eb3027e42f1148cf4df1fb4240774d3492b5d12ac0c",
    "https://deno.land/std@0.211.0/path/_common/strip_trailing_separators.ts": "7024a93447efcdcfeaa9339a98fa63ef9d53de363f1fbe9858970f1bba02655a",
    "https://deno.land/std@0.211.0/path/_os.ts": "8fb9b90fb6b753bd8c77cfd8a33c2ff6c5f5bc185f50de8ca4ac6a05710b2c15",
    "https://deno.land/std@0.211.0/path/basename.ts": "5d341aadb7ada266e2280561692c165771d071c98746fcb66da928870cd47668",
    "https://deno.land/std@0.211.0/path/posix/_util.ts": "1e3937da30f080bfc99fe45d7ed23c47dd8585c5e473b2d771380d3a6937cf9d",
    "https://deno.land/std@0.211.0/path/posix/basename.ts": "39ee27a29f1f35935d3603ccf01d53f3d6e0c5d4d0f84421e65bd1afeff42843",
    "https://deno.land/std@0.211.0/path/windows/_util.ts": "d5f47363e5293fced22c984550d5e70e98e266cc3f31769e1710511803d04808",
    "https://deno.land/std@0.211.0/path/windows/basename.ts": "e2dbf31d1d6385bfab1ce38c333aa290b6d7ae9e0ecb8234a654e583cf22f8fe",
    "https://deno.land/x/grammy@v1.23.0/bot.ts": "1b7453e899ef2d478047d03fd0da52db3dc4351f892117f06f8cc8c596d1d4ac",
    "https://deno.land/x/grammy@v1.23.0/composer.ts": "a86dcd6c83e91f720ceb85dab2b1c7b966fc18fc6440848b87b4897fcaa63fc8",
    "https://deno.land/x/grammy@v1.23.0/context.ts": "717e14e14189fc33463d3b128f9350fa61a17ac6b3bce24d1eeac3c43023277c",
    "https://deno.land/x/grammy@v1.23.0/convenience/constants.ts": "4df7992fbdac5bca4f7352b6bd7e5b24c391901ff59ee3982570a40d8d6a28a6",
    "https://deno.land/x/grammy@v1.23.0/convenience/frameworks.ts": "6a535734adcef9ca3f662e761fd5ab0067213a13e85340cc932624b4062e9264",
    "https://deno.land/x/grammy@v1.23.0/convenience/inline_query.ts": "409d1940c7670708064efa495003bcbfdf6763a756b2e6303c464489fd3394ff",
    "https://deno.land/x/grammy@v1.23.0/convenience/input_media.ts": "7af72a5fdb1af0417e31b1327003f536ddfdf64e06ab8bc7f5da6b574de38658",
    "https://deno.land/x/grammy@v1.23.0/convenience/keyboard.ts": "88aeab16f2aaf0b4098135b5f7a678f7d2ce288f28c7eba93eaa5553a7395152",
    "https://deno.land/x/grammy@v1.23.0/convenience/session.ts": "931fc31b58c6c9fee1d969505027e060fc5a2784a9219d9303da84e849532071",
    "https://deno.land/x/grammy@v1.23.0/convenience/webhook.ts": "f1da7d6426171fb7b5d5f6b59633f91d3bab9a474eea821f714932650965eb9e",
    "https://deno.land/x/grammy@v1.23.0/core/api.ts": "c75de4cc967eceb3f73b1255f133ede6536f48f3f5fd5dcc3053756feca3146c",
    "https://deno.land/x/grammy@v1.23.0/core/client.ts": "df622a135e71229ffe722406850c9c08b90dcdd4d049b46926128599c73f9dc5",
    "https://deno.land/x/grammy@v1.23.0/core/error.ts": "553ec19e1ec51d8161d7f54891d345533aa07232005575549e8b7c919ee4795e",
    "https://deno.land/x/grammy@v1.23.0/core/payload.ts": "420e17c3c2830b5576ea187cfce77578fe09f1204b25c25ea2f220ca7c86e73b",
    "https://deno.land/x/grammy@v1.23.0/filter.ts": "21b0822681b6bf00e8896928d4024244eb3439bdcc5762b1787b11d256fbf0ff",
    "https://deno.land/x/grammy@v1.23.0/mod.ts": "7723e08709ff7fd01df3e463503e14e4fd1a581669380eed70351e1121e8a833",
    "https://deno.land/x/grammy@v1.23.0/platform.deno.ts": "68272a7e1d9a2d74d8a45342526485dbc0531dee812f675d7f8a4e7fc8393028",
    "https://deno.land/x/grammy@v1.23.0/types.deno.ts": "6677ea9774813cac0853bddcbf3bf8aced4058640dd9c98e6c7f3ebb051d0c87",
    "https://deno.land/x/grammy@v1.23.0/types.ts": "729415590dfa188dbe924dea614dff4e976babdbabb28a307b869fc25777cdf0",
    "https://deno.land/x/grammy_types@v3.7.0/api.ts": "ae04d6628e3d25ae805bc07a19475065044fc44cde0a40877405bc3544d03a5f",
    "https://deno.land/x/grammy_types@v3.7.0/inline.ts": "5d298c0c8324633f3c2341c5ad6035dd4a09431de633628c31358c635ef7e620",
    "https://deno.land/x/grammy_types@v3.7.0/manage.ts": "1520ae589dbfcdbfba1b8dcf5486c18ec880aaa7382e2ccf4f9176e8f79aa0e9",
    "https://deno.land/x/grammy_types@v3.7.0/markup.ts": "386a81f6b61c2f3d529353e91406839c59b9886afe3d4c9d97733611792181df",
    "https://deno.land/x/grammy_types@v3.7.0/message.ts": "43dde0dd8d4d5a0ff569cd425b8fe28081480e3b800da4b7805ef7d0440bd1e9",
    "https://deno.land/x/grammy_types@v3.7.0/methods.ts": "56e2b5a19b6d3ec365e85e09eeab9e2b8585ad5b2a36aef26966bdb4c309607a",
    "https://deno.land/x/grammy_types@v3.7.0/mod.ts": "7b5f421b4fbb1761f7f0d68328eaddd515f3222ce3f3cdfbedd8d5a4781e91a7",
    "https://deno.land/x/grammy_types@v3.7.0/passport.ts": "19820e7d6c279521f8bc8912d6a378239f73d4ab525453808994b5f44ef95215",
    "https://deno.land/x/grammy_types@v3.7.0/payment.ts": "d23e9038c5b479b606e620dd84e3e67b6642ada110a962f2d5b5286e99ec7de5",
    "https://deno.land/x/grammy_types@v3.7.0/settings.ts": "5e989f5bd6c587d55673bd8052293869aa2f372e9223dd7f6e28632bfe021b6e",
    "https://deno.land/x/grammy_types@v3.7.0/update.ts": "7033ebfbecf6fbbd2d68f7a3550c9b04e553228a2143104fc63c42dd7f8f6881",
    "https://deno.land/x/hono@v4.3.4/adapter/deno/serve-static.ts": "db226d30f08f1a8bb77653ead42a911357b2f8710d653e43c01eccebb424b295",
    "https://deno.land/x/hono@v4.3.4/client/client.ts": "dcda3887257fa3164db7b32c56665c6e757f0ef047a14f3f9599ef41725c1525",
    "https://deno.land/x/hono@v4.3.4/client/index.ts": "30def535310a37bede261f1b23d11a9758983b8e9d60a6c56309cee5f6746ab2",
    "https://deno.land/x/hono@v4.3.4/client/types.ts": "73fbec704cf968ca5c5bba10aa1131758c52ab31a78301451c79cfc47368d43c",
    "https://deno.land/x/hono@v4.3.4/client/utils.ts": "8be84b49c5c7952666875a8e901fde3044c85c853ea6ba3a7e2c0468478459c0",
    "https://deno.land/x/hono@v4.3.4/compose.ts": "37d6e33b7db80e4c43a0629b12fd3a1e3406e7d9e62a4bfad4b30426ea7ae4f1",
    "https://deno.land/x/hono@v4.3.4/context.ts": "e5597f5ba4720aca767d7cb6546e1a2884c803292cb587c612b2ea738ef040fd",
    "https://deno.land/x/hono@v4.3.4/helper/adapter/index.ts": "5a4ca736487a2a8303bdac9fff710eae38e6f39ed70eb171eed78e5f64da84df",
    "https://deno.land/x/hono@v4.3.4/helper/cookie/index.ts": "b3c648b657be2dca4e8ef2f2f6ebf938a312652301bcbc9c92914627ad93a447",
    "https://deno.land/x/hono@v4.3.4/helper/html/index.ts": "48a0ddc576c10452db6c3cab03dd4ee6986ab61ebdc667335b40a81fa0487f69",
    "https://deno.land/x/hono@v4.3.4/hono-base.ts": "2a508c026687a1fc12c0458e100e66d5d72e17f6e6532b407d19663aa7300327",
    "https://deno.land/x/hono@v4.3.4/hono.ts": "23edd0140bf0bd5a68c14ae96e5856a5cec6b844277e853b91025e91ea74f416",
    "https://deno.land/x/hono@v4.3.4/http-exception.ts": "cd387c6f7357db375ac3375f0346c6da80b46193b661881f660d6b15293fc086",
    "https://deno.land/x/hono@v4.3.4/jsx/base.ts": "33f1c302c8f72ae948abd9c3ef85f4b3be6525251a13b95fd18fe2910b7d4a0d",
    "https://deno.land/x/hono@v4.3.4/jsx/children.ts": "26ead0f151faba5307883614b5b064299558f06798c695c432f32acbb1127d56",
    "https://deno.land/x/hono@v4.3.4/jsx/components.ts": "f79ab215f59388f01a69e2d6ec0b841fd3b42ba38e0ee7c93a525cdf06e159f9",
    "https://deno.land/x/hono@v4.3.4/jsx/constants.ts": "984e0797194be1fbc935cb688c8d0a60c112b21bc59301be5354c02232f18820",
    "https://deno.land/x/hono@v4.3.4/jsx/context.ts": "2b7a86e6b35da171fab27aa05f09748bb3eba64b26c037ea1da655c07e8f6bc1",
    "https://deno.land/x/hono@v4.3.4/jsx/dom/components.ts": "733da654edb3d4c178a4479649fac2c64e79069e37e848add0c3a49f90e7f2d7",
    "https://deno.land/x/hono@v4.3.4/jsx/dom/context.ts": "081f0d5e637be27c642099adb8cb51e4c9d241e66c4e20a1cb9d2f4ae892f957",
    "https://deno.land/x/hono@v4.3.4/jsx/dom/jsx-dev-runtime.ts": "210858fc99ea79c4d2f13c9361054bdbf0f378ccb1aa4dd9c389746fd92f1fad",
    "https://deno.land/x/hono@v4.3.4/jsx/dom/jsx-runtime.ts": "6a50a65306771a9000030f494d92a5fdeeb055112e0126234b2fd9179de1d4f5",
    "https://deno.land/x/hono@v4.3.4/jsx/dom/render.ts": "7db816d40de58c60e1cbdab64ac3f170b1e30696ed61ad449bbb823f60b46146",
    "https://deno.land/x/hono@v4.3.4/jsx/dom/utils.ts": "5b09c0eba2e4a4c2192e13cf2634b4d3a2538c2c4c3276acd751774033d41d00",
    "https://deno.land/x/hono@v4.3.4/jsx/hooks/index.ts": "deb0c890139e33ff7dc9fdb5ccd27ebd603340cb91ebcd95e3b21b5a32bfdf9d",
    "https://deno.land/x/hono@v4.3.4/jsx/index.ts": "fe3e582c2a4e24e5f8b6027925bddccaae0283747d8f0161eb6f5a34616edd11",
    "https://deno.land/x/hono@v4.3.4/jsx/streaming.ts": "5e5dde9a546041353b9a3860fc9020471f762813f10e1290009ab6bd40e7bdcf",
    "https://deno.land/x/hono@v4.3.4/jsx/types.ts": "51c2bdbb373860e2570ad403546a7fdbbb1cf00a47ce7ed10b2aece922031ac4",
    "https://deno.land/x/hono@v4.3.4/jsx/utils.ts": "4b8299d402ba5395472c552d1fe3297ee60112bfc32e0ef86cfe8e40086f7d54",
    "https://deno.land/x/hono@v4.3.4/middleware.ts": "2e7c6062e36b0e5f84b44a62e7b0e1cef33a9827c19937c648be4b63e1b7d7c6",
    "https://deno.land/x/hono@v4.3.4/middleware/basic-auth/index.ts": "2c8cb563f3b89df1a7a2232be37377c3df6194af38613dc0a823c6595816fc66",
    "https://deno.land/x/hono@v4.3.4/middleware/bearer-auth/index.ts": "b3b7469bc0eb9543c6c47f3ff67de879210dd73063307a61536042ff30e8720e",
    "https://deno.land/x/hono@v4.3.4/middleware/body-limit/index.ts": "3fefeaf7e6e576aa1b33f2694072d2eaab692842acd29cb360d98e20eebfe5aa",
    "https://deno.land/x/hono@v4.3.4/middleware/cache/index.ts": "9bb67a362a9f06151709039a890837b8a1689a5a84a948a9a1483da876a99c0e",
    "https://deno.land/x/hono@v4.3.4/middleware/compress/index.ts": "98c403a5fe7e9c5f5d776350b422b0a125fb34696851b8b14f825b9b7b06f2ac",
    "https://deno.land/x/hono@v4.3.4/middleware/cors/index.ts": "976eb9ce8cefc214b403a2939503a13177cec76223274609a07ca554e0dc623b",
    "https://deno.land/x/hono@v4.3.4/middleware/csrf/index.ts": "077bb0ce299d79d0d232cb9e462aaa4eaa901164f1310f74a7630f7e6cfe74e8",
    "https://deno.land/x/hono@v4.3.4/middleware/etag/index.ts": "3392aabea4d02dfec51455c5919bff9aad76538b9fde375dd542fbc3f389dd3a",
    "https://deno.land/x/hono@v4.3.4/middleware/jsx-renderer/index.ts": "76b08d24c7b8cf3c808dc1d2063358c8b284e4fc48c8966b731a5d32286f62fd",
    "https://deno.land/x/hono@v4.3.4/middleware/jwt/index.ts": "4cb997d3d7a09d0b0c0e273841d29729e13e35dfc00021089aebaad868a7f8c6",
    "https://deno.land/x/hono@v4.3.4/middleware/logger/index.ts": "52a2e968890ada2c11ce89a7a783692c5767b8ed7fb23ccf6b559d255d13ccbc",
    "https://deno.land/x/hono@v4.3.4/middleware/method-override/index.ts": "303797bf0dc0600847f0a5f23a6351232c8bda596a64d38b3ef05e40ca354b42",
    "https://deno.land/x/hono@v4.3.4/middleware/powered-by/index.ts": "6faba0cf042278d60b317b690640bb0b58747690cf280fa09024424c5174e66d",
    "https://deno.land/x/hono@v4.3.4/middleware/pretty-json/index.ts": "2216ce4c9910be009fecac63367c3626b46137d4cf7cb9a82913e501104b4a88",
    "https://deno.land/x/hono@v4.3.4/middleware/secure-headers/index.ts": "7513c2c4211761dd43612545d5c70fb48512fa3ea029131d10affb49d0c98790",
    "https://deno.land/x/hono@v4.3.4/middleware/serve-static/index.ts": "14b760bbbc4478cc3a7fb9728730bc6300581c890365b7101b80c16e70e4b21e",
    "https://deno.land/x/hono@v4.3.4/middleware/timing/index.ts": "dee2269126ca732e57dc62daf72c30fd902536808cc29885dbcf9f708215c7f4",
    "https://deno.land/x/hono@v4.3.4/middleware/trailing-slash/index.ts": "419cf0af99a137f591b72cc71c053e524fe3574393ce81e0e9dbce84a4046e24",
    "https://deno.land/x/hono@v4.3.4/mod.ts": "35fd2a2e14b52365e0ad66f168b067363fd0a60d75cbcb1b01685b04de97d60e",
    "https://deno.land/x/hono@v4.3.4/request.ts": "83171ebbaca83c25f120ec1c065e48e0cc4c97ce12bcd080bca9a47945e2bf42",
    "https://deno.land/x/hono@v4.3.4/router.ts": "880316f561918fc197481755aac2165fdbe2f530b925c5357a9f98d6e2cc85c7",
    "https://deno.land/x/hono@v4.3.4/router/linear-router/index.ts": "8a2a7144c50b1f4a92d9ee99c2c396716af144c868e10608255f969695efccd0",
    "https://deno.land/x/hono@v4.3.4/router/linear-router/router.ts": "928d29894e4b45b047a4f453c7f1745c8b1869cd68447e1cb710c7bbf99a4e29",
    "https://deno.land/x/hono@v4.3.4/router/pattern-router/index.ts": "304a66c50e243872037ed41c7dd79ed0c89d815e17e172e7ad7cdc4bc07d3383",
    "https://deno.land/x/hono@v4.3.4/router/pattern-router/router.ts": "1b5f68e6af942579d3a40ee834294fea3d1f05fd5f70514e46ae301dd0107e46",
    "https://deno.land/x/hono@v4.3.4/router/reg-exp-router/index.ts": "52755829213941756159b7a963097bafde5cc4fc22b13b1c7c9184dc0512d1db",
    "https://deno.land/x/hono@v4.3.4/router/reg-exp-router/node.ts": "7efaa6f4301efc2aad0519c84973061be8555da02e5868409293a1fd98536aaf",
    "https://deno.land/x/hono@v4.3.4/router/reg-exp-router/router.ts": "632f2fa426b3e45a66aeed03f7205dad6d13e8081bed6f8d1d987b6cad8fb455",
    "https://deno.land/x/hono@v4.3.4/router/reg-exp-router/trie.ts": "852ce7207e6701e47fa30889a0d2b8bfcd56d8862c97e7bc9831e0a64bd8835f",
    "https://deno.land/x/hono@v4.3.4/router/smart-router/index.ts": "74f9b4fe15ea535900f2b9b048581915f12fe94e531dd2b0032f5610e61c3bef",
    "https://deno.land/x/hono@v4.3.4/router/smart-router/router.ts": "f1848a2a1eefa316a11853ae12e749552747771fb8a11fe713ae04ea6461140b",
    "https://deno.land/x/hono@v4.3.4/router/trie-router/index.ts": "3eb75e7f71ba81801631b30de6b1f5cefb2c7239c03797e2b2cbab5085911b41",
    "https://deno.land/x/hono@v4.3.4/router/trie-router/node.ts": "d3e00e8f1ba7fb26896459d5bba882356891a07793387c4655d1864c519a91de",
    "https://deno.land/x/hono@v4.3.4/router/trie-router/router.ts": "54ced78d35676302c8fcdda4204f7bdf5a7cc907fbf9967c75674b1e394f830d",
    "https://deno.land/x/hono@v4.3.4/types.ts": "b561c3ee846121b33c2d81331246cdedf7781636ed72dad7406677105b4275de",
    "https://deno.land/x/hono@v4.3.4/utils/body.ts": "bf0e88baf44a24f8fc14df98e56d92c671652580f79b88b6edc21f915ec559da",
    "https://deno.land/x/hono@v4.3.4/utils/buffer.ts": "9066a973e64498cb262c7e932f47eed525a51677b17f90893862b7279dc0773e",
    "https://deno.land/x/hono@v4.3.4/utils/color.ts": "5682609ddb00f7d8f0a8fdbc19c76cd26b82396e79fcd2547177d9b088617cc6",
    "https://deno.land/x/hono@v4.3.4/utils/cookie.ts": "6eaaf6909a4ae11f6c82404e9398e1c247e3f1854d73994a9e2e6fc3cdf7b584",
    "https://deno.land/x/hono@v4.3.4/utils/crypto.ts": "bda0e141bbe46d3a4a20f8fbcb6380d473b617123d9fdfa93e4499410b537acc",
    "https://deno.land/x/hono@v4.3.4/utils/encode.ts": "311dfdfae7eb0b6345e9680f7ebbb3a692e872ed964e2029aca38567af8d1f33",
    "https://deno.land/x/hono@v4.3.4/utils/filepath.ts": "a83e5fe87396bb291a6c5c28e13356fcbea0b5547bad2c3ba9660100ff964000",
    "https://deno.land/x/hono@v4.3.4/utils/html.ts": "6ea4f6bf41587a51607dff7a6d2865ef4d5001e4203b07e5c8a45b63a098e871",
    "https://deno.land/x/hono@v4.3.4/utils/http-status.ts": "f5b820f2793e45209f34deddf147b23e3133a89eb4c57dc643759a504706636b",
    "https://deno.land/x/hono@v4.3.4/utils/jwt/index.ts": "3b66f48cdd3fcc2caed5e908ca31776e11b1c30391008931276da3035e6ba1e9",
    "https://deno.land/x/hono@v4.3.4/utils/jwt/jwa.ts": "6874cacd8b6dde386636b81b5ea2754f8e4c61757802fa908dd1ce54b91a52fa",
    "https://deno.land/x/hono@v4.3.4/utils/jwt/jws.ts": "878fa7d1966b0db20ae231cfee279ba2bb198943e949049cab3f5845cd5ee2d1",
    "https://deno.land/x/hono@v4.3.4/utils/jwt/jwt.ts": "f87d29808aa02022e83b3f7170bc80a6dd4d3e27095cc36da915309e08aa96eb",
    "https://deno.land/x/hono@v4.3.4/utils/jwt/types.ts": "2845fe8633a5d39c958651ffef2733637e1a647f4b7b061de0458f0435f0f0f5",
    "https://deno.land/x/hono@v4.3.4/utils/jwt/utf8.ts": "b9649f21ef91d1e83b3031a53970b29f13ff82053db3ffae372030706fa07d0e",
    "https://deno.land/x/hono@v4.3.4/utils/mime.ts": "d1fc2c047191ccb01d736c6acf90df731324536298181dba0ecc2259e5f7d661",
    "https://deno.land/x/hono@v4.3.4/utils/types.ts": "050bfa9dc6d0cc4b7c5069944a8bd60066c2f9f95ee69833623ad104f11f92bf",
    "https://deno.land/x/hono@v4.3.4/utils/url.ts": "855169632c61d03703bd08cafb27664ba3fdb352892f01687d5cce8fd49e3cb1",
    "https://deno.land/x/hono@v4.3.4/validator/index.ts": "6c986e8b91dcf857ecc8164a506ae8eea8665792a4ff7215471df669c632ae7c",
    "https://deno.land/x/hono@v4.3.4/validator/validator.ts": "53f3d2ad442e22f0bc2d85b7d8d90320d4e5ecf5fdd58882f906055d33a18e13"
  }
}
